{
  "nodes": {
    "nixpkgs": {
      "locked": {
        "lastModified": 1615532953,
        "narHash": "sha256-SWpaGjrp/INzorEqMz3HLi6Uuk9I0KAn4YS8B4n3q5g=",
        "path": "/nix/store/vw365chp87kvfczxm26qiq7z2pq3jk5z-source",
        "rev": "916ee862e87ac5ee2439f2fb7856386b4dc906ae",
        "type": "path"
      },
      "original": {
        "id": "nixpkgs",
        "type": "indirect"
      }
    },
    "root": {
      "inputs": {
        "nixpkgs": "nixpkgs"
      }
    }
  },
  "root": "root",
  "version": 7
}
